// !$*UTF8*$!
{
	archiveVersion = 1;
	classes = {
	};
	objectVersion = 50;
	objects = {

/* Begin PBXBuildFile section */
		150433EE2380F63C00C24E10 /* AppDelegate.swift in Sources */ = {isa = PBXBuildFile; fileRef = 150433ED2380F63C00C24E10 /* AppDelegate.swift */; };
		150433F02380F63C00C24E10 /* SceneDelegate.swift in Sources */ = {isa = PBXBuildFile; fileRef = 150433EF2380F63C00C24E10 /* SceneDelegate.swift */; };
		150433F22380F63C00C24E10 /* ViewController.swift in Sources */ = {isa = PBXBuildFile; fileRef = 150433F12380F63C00C24E10 /* ViewController.swift */; };
		150433F72380F64700C24E10 /* Assets.xcassets in Resources */ = {isa = PBXBuildFile; fileRef = 150433F62380F64700C24E10 /* Assets.xcassets */; };
		150433FA2380F64700C24E10 /* LaunchScreen.storyboard in Resources */ = {isa = PBXBuildFile; fileRef = 150433F82380F64700C24E10 /* LaunchScreen.storyboard */; };
		150434022380FF9700C24E10 /* Main.storyboard in Resources */ = {isa = PBXBuildFile; fileRef = 150434012380FF9700C24E10 /* Main.storyboard */; };
		15043406238A270B00C24E10 /* Movies.swift in Sources */ = {isa = PBXBuildFile; fileRef = 15043405238A270B00C24E10 /* Movies.swift */; };
		15043408238A28E500C24E10 /* MoviesRequest.swift in Sources */ = {isa = PBXBuildFile; fileRef = 15043407238A28E500C24E10 /* MoviesRequest.swift */; };
		1504342E238A86AE00C24E10 /* MovieTableViewCell.swift in Sources */ = {isa = PBXBuildFile; fileRef = 1504342D238A86AD00C24E10 /* MovieTableViewCell.swift */; };
		15FB2862238B76EC00161082 /* SingleMovieViewController.swift in Sources */ = {isa = PBXBuildFile; fileRef = 15FB2861238B76EC00161082 /* SingleMovieViewController.swift */; };
/* End PBXBuildFile section */

/* Begin PBXFileReference section */
		150433EA2380F63C00C24E10 /* MovieAPI.app */ = {isa = PBXFileReference; explicitFileType = wrapper.application; includeInIndex = 0; path = MovieAPI.app; sourceTree = BUILT_PRODUCTS_DIR; };
		150433ED2380F63C00C24E10 /* AppDelegate.swift */ = {isa = PBXFileReference; lastKnownFileType = sourcecode.swift; path = AppDelegate.swift; sourceTree = "<group>"; };
		150433EF2380F63C00C24E10 /* SceneDelegate.swift */ = {isa = PBXFileReference; lastKnownFileType = sourcecode.swift; path = SceneDelegate.swift; sourceTree = "<group>"; };
		150433F12380F63C00C24E10 /* ViewController.swift */ = {isa = PBXFileReference; lastKnownFileType = sourcecode.swift; path = ViewController.swift; sourceTree = "<group>"; };
		150433F62380F64700C24E10 /* Assets.xcassets */ = {isa = PBXFileReference; lastKnownFileType = folder.assetcatalog; path = Assets.xcassets; sourceTree = "<group>"; };
		150433F92380F64700C24E10 /* Base */ = {isa = PBXFileReference; lastKnownFileType = file.storyboard; name = Base; path = Base.lproj/LaunchScreen.storyboard; sourceTree = "<group>"; };
		150433FB2380F64700C24E10 /* Info.plist */ = {isa = PBXFileReference; lastKnownFileType = text.plist.xml; path = Info.plist; sourceTree = "<group>"; };
		150434012380FF9700C24E10 /* Main.storyboard */ = {isa = PBXFileReference; lastKnownFileType = file.storyboard; path = Main.storyboard; sourceTree = "<group>"; };
		15043405238A270B00C24E10 /* Movies.swift */ = {isa = PBXFileReference; lastKnownFileType = sourcecode.swift; path = Movies.swift; sourceTree = "<group>"; };
		15043407238A28E500C24E10 /* MoviesRequest.swift */ = {isa = PBXFileReference; lastKnownFileType = sourcecode.swift; path = MoviesRequest.swift; sourceTree = "<group>"; };
		1504342D238A86AD00C24E10 /* MovieTableViewCell.swift */ = {isa = PBXFileReference; lastKnownFileType = sourcecode.swift; path = MovieTableViewCell.swift; sourceTree = "<group>"; };
		15FB2861238B76EC00161082 /* SingleMovieViewController.swift */ = {isa = PBXFileReference; lastKnownFileType = sourcecode.swift; path = SingleMovieViewController.swift; sourceTree = "<group>"; };
/* End PBXFileReference section */

/* Begin PBXFrameworksBuildPhase section */
		150433E72380F63C00C24E10 /* Frameworks */ = {
			isa = PBXFrameworksBuildPhase;
			buildActionMask = 2147483647;
			files = (
			);
			runOnlyForDeploymentPostprocessing = 0;
		};
/* End PBXFrameworksBuildPhase section */

/* Begin PBXGroup section */
		150433E12380F63B00C24E10 = {
			isa = PBXGroup;
			children = (
				150433EC2380F63C00C24E10 /* MovieAPI */,
				150433EB2380F63C00C24E10 /* Products */,
			);
			sourceTree = "<group>";
		};
		150433EB2380F63C00C24E10 /* Products */ = {
			isa = PBXGroup;
			children = (
				150433EA2380F63C00C24E10 /* MovieAPI.app */,
			);
			name = Products;
			sourceTree = "<group>";
		};
		150433EC2380F63C00C24E10 /* MovieAPI */ = {
			isa = PBXGroup;
			children = (
				150433ED2380F63C00C24E10 /* AppDelegate.swift */,
				150433EF2380F63C00C24E10 /* SceneDelegate.swift */,
				150433F12380F63C00C24E10 /* ViewController.swift */,
				150433F62380F64700C24E10 /* Assets.xcassets */,
				150433F82380F64700C24E10 /* LaunchScreen.storyboard */,
				150433FB2380F64700C24E10 /* Info.plist */,
				150434012380FF9700C24E10 /* Main.storyboard */,
				15FB2861238B76EC00161082 /* SingleMovieViewController.swift */,
				1504342D238A86AD00C24E10 /* MovieTableViewCell.swift */,
				15043405238A270B00C24E10 /* Movies.swift */,
				15043407238A28E500C24E10 /* MoviesRequest.swift */,
			);
			path = MovieAPI;
			sourceTree = "<group>";
		};
/* End PBXGroup section */

/* Begin PBXNativeTarget section */
		150433E92380F63C00C24E10 /* MovieAPI */ = {
			isa = PBXNativeTarget;
			buildConfigurationList = 150433FE2380F64700C24E10 /* Build configuration list for PBXNativeTarget "MovieAPI" */;
			buildPhases = (
				150433E62380F63C00C24E10 /* Sources */,
				150433E72380F63C00C24E10 /* Frameworks */,
				150433E82380F63C00C24E10 /* Resources */,
			);
			buildRules = (
			);
			dependencies = (
			);
			name = MovieAPI;
			productName = NewsAPI;
			productReference = 150433EA2380F63C00C24E10 /* MovieAPI.app */;
			productType = "com.apple.product-type.application";
		};
/* End PBXNativeTarget section */

/* Begin PBXProject section */
		150433E22380F63B00C24E10 /* Project object */ = {
			isa = PBXProject;
			attributes = {
				LastSwiftUpdateCheck = 1110;
				LastUpgradeCheck = 1110;
				ORGANIZATIONNAME = "Meet Madhu";
				TargetAttributes = {
					150433E92380F63C00C24E10 = {
						CreatedOnToolsVersion = 11.1;
					};
				};
			};
			buildConfigurationList = 150433E52380F63C00C24E10 /* Build configuration list for PBXProject "MovieAPI" */;
			compatibilityVersion = "Xcode 9.3";
			developmentRegion = en;
			hasScannedForEncodings = 0;
			knownRegions = (
				en,
				Base,
			);
			mainGroup = 150433E12380F63B00C24E10;
			productRefGroup = 150433EB2380F63C00C24E10 /* Products */;
			projectDirPath = "";
			projectRoot = "";
			targets = (
				150433E92380F63C00C24E10 /* MovieAPI */,
			);
		};
/* End PBXProject section */

/* Begin PBXResourcesBuildPhase section */
		150433E82380F63C00C24E10 /* Resources */ = {
			isa = PBXResourcesBuildPhase;
			buildActionMask = 2147483647;
			files = (
				150434022380FF9700C24E10 /* Main.storyboard in Resources */,
				150433FA2380F64700C24E10 /* LaunchScreen.storyboard in Resources */,
				150433F72380F64700C24E10 /* Assets.xcassets in Resources */,
			);
			runOnlyForDeploymentPostprocessing = 0;
		};
/* End PBXResourcesBuildPhase section */

/* Begin PBXSourcesBuildPhase section */
		150433E62380F63C00C24E10 /* Sources */ = {
			isa = PBXSourcesBuildPhase;
			buildActionMask = 2147483647;
			files = (
				15FB2862238B76EC00161082 /* SingleMovieViewController.swift in Sources */,
				150433F22380F63C00C24E10 /* ViewController.swift in Sources */,
				150433EE2380F63C00C24E10 /* AppDelegate.swift in Sources */,
				1504342E238A86AE00C24E10 /* MovieTableViewCell.swift in Sources */,
				15043408238A28E500C24E10 /* MoviesRequest.swift in Sources */,
				15043406238A270B00C24E10 /* Movies.swift in Sources */,
				150433F02380F63C00C24E10 /* SceneDelegate.swift in Sources */,
			);
			runOnlyForDeploymentPostprocessing = 0;
		};
/* End PBXSourcesBuildPhase section */

/* Begin PBXVariantGroup section */
		150433F82380F64700C24E10 /* LaunchScreen.storyboard */ = {
			isa = PBXVariantGroup;
			children = (
				150433F92380F64700C24E10 /* Base */,
			);
			name = LaunchScreen.storyboard;
			sourceTree = "<group>";
		};
/* End PBXVariantGroup section */

/* Begin XCBuildConfiguration section */
		150433FC2380F64700C24E10 /* Debug */ = {
			isa = XCBuildConfiguration;
			buildSettings = {
				ALWAYS_SEARCH_USER_PATHS = NO;
				CLANG_ANALYZER_NONNULL = YES;
				CLANG_ANALYZER_NUMBER_OBJECT_CONVERSION = YES_AGGRESSIVE;
				CLANG_CXX_LANGUAGE_STANDARD = "gnu++14";
				CLANG_CXX_LIBRARY = "libc++";
				CLANG_ENABLE_MODULES = YES;
				CLANG_ENABLE_OBJC_ARC = YES;
				CLANG_ENABLE_OBJC_WEAK = YES;
				CLANG_WARN_BLOCK_CAPTURE_AUTORELEASING = YES;
				CLANG_WARN_BOOL_CONVERSION = YES;
				CLANG_WARN_COMMA = YES;
				CLANG_WARN_CONSTANT_CONVERSION = YES;
				CLANG_WARN_DEPRECATED_OBJC_IMPLEMENTATIONS = YES;
				CLANG_WARN_DIRECT_OBJC_ISA_USAGE = YES_ERROR;
				CLANG_WARN_DOCUMENTATION_COMMENTS = YES;
				CLANG_WARN_EMPTY_BODY = YES;
				CLANG_WARN_ENUM_CONVERSION = YES;
				CLANG_WARN_INFINITE_RECURSION = YES;
				CLANG_WARN_INT_CONVERSION = YES;
				CLANG_WARN_NON_LITERAL_NULL_CONVERSION = YES;
				CLANG_WARN_OBJC_IMPLICIT_RETAIN_SELF = YES;
				CLANG_WARN_OBJC_LITERAL_CONVERSION = YES;
				CLANG_WARN_OBJC_ROOT_CLASS = YES_ERROR;
				CLANG_WARN_RANGE_LOOP_ANALYSIS = YES;
				CLANG_WARN_STRICT_PROTOTYPES = YES;
				CLANG_WARN_SUSPICIOUS_MOVE = YES;
				CLANG_WARN_UNGUARDED_AVAILABILITY = YES_AGGRESSIVE;
				CLANG_WARN_UNREACHABLE_CODE = YES;
				CLANG_WARN__DUPLICATE_METHOD_MATCH = YES;
				COPY_PHASE_STRIP = NO;
				DEBUG_INFORMATION_FORMAT = dwarf;
				ENABLE_STRICT_OBJC_MSGSEND = YES;
				ENABLE_TESTABILITY = YES;
				GCC_C_LANGUAGE_STANDARD = gnu11;
				GCC_DYNAMIC_NO_PIC = NO;
				GCC_NO_COMMON_BLOCKS = YES;
				GCC_OPTIMIZATION_LEVEL = 0;
				GCC_PREPROCESSOR_DEFINITIONS = (
					"DEBUG=1",
					"$(inherited)",
				);
				GCC_WARN_64_TO_32_BIT_CONVERSION = YES;
				GCC_WARN_ABOUT_RETURN_TYPE = YES_ERROR;
				GCC_WARN_UNDECLARED_SELECTOR = YES;
				GCC_WARN_UNINITIALIZED_AUTOS = YES_AGGRESSIVE;
				GCC_WARN_UNUSED_FUNCTION = YES;
				GCC_WARN_UNUSED_VARIABLE = YES;
				IPHONEOS_DEPLOYMENT_TARGET = 13.1;
				MTL_ENABLE_DEBUG_INFO = INCLUDE_SOURCE;
				MTL_FAST_MATH = YES;
				ONLY_ACTIVE_ARCH = YES;
				SDKROOT = iphoneos;
				SWIFT_ACTIVE_COMPILATION_CONDITIONS = DEBUG;
				SWIFT_OPTIMIZATION_LEVEL = "-Onone";
			};
			name = Debug;
		};
		150433FD2380F64700C24E10 /* Release */ = {
			isa = XCBuildConfiguration;
			buildSettings = {
				ALWAYS_SEARCH_USER_PATHS = NO;
				CLANG_ANALYZER_NONNULL = YES;
				CLANG_ANALYZER_NUMBER_OBJECT_CONVERSION = YES_AGGRESSIVE;
				CLANG_CXX_LANGUAGE_STANDARD = "gnu++14";
				CLANG_CXX_LIBRARY = "libc++";
				CLANG_ENABLE_MODULES = YES;
				CLANG_ENABLE_OBJC_ARC = YES;
				CLANG_ENABLE_OBJC_WEAK = YES;
				CLANG_WARN_BLOCK_CAPTURE_AUTORELEASING = YES;
				CLANG_WARN_BOOL_CONVERSION = YES;
				CLANG_WARN_COMMA = YES;
				CLANG_WARN_CONSTANT_CONVERSION = YES;
				CLANG_WARN_DEPRECATED_OBJC_IMPLEMENTATIONS = YES;
				CLANG_WARN_DIRECT_OBJC_ISA_USAGE = YES_ERROR;
				CLANG_WARN_DOCUMENTATION_COMMENTS = YES;
				CLANG_WARN_EMPTY_BODY = YES;
				CLANG_WARN_ENUM_CONVERSION = YES;
				CLANG_WARN_INFINITE_RECURSION = YES;
				CLANG_WARN_INT_CONVERSION = YES;
				CLANG_WARN_NON_LITERAL_NULL_CONVERSION = YES;
				CLANG_WARN_OBJC_IMPLICIT_RETAIN_SELF = YES;
				CLANG_WARN_OBJC_LITERAL_CONVERSION = YES;
				CLANG_WARN_OBJC_ROOT_CLASS = YES_ERROR;
				CLANG_WARN_RANGE_LOOP_ANALYSIS = YES;
				CLANG_WARN_STRICT_PROTOTYPES = YES;
				CLANG_WARN_SUSPICIOUS_MOVE = YES;
				CLANG_WARN_UNGUARDED_AVAILABILITY = YES_AGGRESSIVE;
				CLANG_WARN_UNREACHABLE_CODE = YES;
				CLANG_WARN__DUPLICATE_METHOD_MATCH = YES;
				COPY_PHASE_STRIP = NO;
				DEBUG_INFORMATION_FORMAT = "dwarf-with-dsym";
				ENABLE_NS_ASSERTIONS = NO;
				ENABLE_STRICT_OBJC_MSGSEND = YES;
				GCC_C_LANGUAGE_STANDARD = gnu11;
				GCC_NO_COMMON_BLOCKS = YES;
				GCC_WARN_64_TO_32_BIT_CONVERSION = YES;
				GCC_WARN_ABOUT_RETURN_TYPE = YES_ERROR;
				GCC_WARN_UNDECLARED_SELECTOR = YES;
				GCC_WARN_UNINITIALIZED_AUTOS = YES_AGGRESSIVE;
				GCC_WARN_UNUSED_FUNCTION = YES;
				GCC_WARN_UNUSED_VARIABLE = YES;
				IPHONEOS_DEPLOYMENT_TARGET = 13.1;
				MTL_ENABLE_DEBUG_INFO = NO;
				MTL_FAST_MATH = YES;
				SDKROOT = iphoneos;
				SWIFT_COMPILATION_MODE = wholemodule;
				SWIFT_OPTIMIZATION_LEVEL = "-O";
				VALIDATE_PRODUCT = YES;
			};
			name = Release;
		};
		150433FF2380F64700C24E10 /* Debug */ = {
			isa = XCBuildConfiguration;
			buildSettings = {
				ASSETCATALOG_COMPILER_APPICON_NAME = AppIcon;
				CODE_SIGN_STYLE = Automatic;
				DEVELOPMENT_TEAM = SBR6R898LC;
				INFOPLIST_FILE = "$(SRCROOT)/MovieAPI/Info.plist";
				IPHONEOS_DEPLOYMENT_TARGET = 13.1;
				LD_RUNPATH_SEARCH_PATHS = (
					"$(inherited)",
					"@executable_path/Frameworks",
				);
				PRODUCT_BUNDLE_IDENTIFIER = Sample.MovieAPI;
				PRODUCT_NAME = MovieAPI;
				SWIFT_VERSION = 5.0;
				TARGETED_DEVICE_FAMILY = "1,2";
			};
			name = Debug;
		};
		150434002380F64700C24E10 /* Release */ = {
			isa = XCBuildConfiguration;
			buildSettings = {
				ASSETCATALOG_COMPILER_APPICON_NAME = AppIcon;
				CODE_SIGN_STYLE = Automatic;
				DEVELOPMENT_TEAM = SBR6R898LC;
				INFOPLIST_FILE = "$(SRCROOT)/MovieAPI/Info.plist";
				IPHONEOS_DEPLOYMENT_TARGET = 13.1;
				LD_RUNPATH_SEARCH_PATHS = (
					"$(inherited)",
					"@executable_path/Frameworks",
				);
				PRODUCT_BUNDLE_IDENTIFIER = Sample.MovieAPI;
				PRODUCT_NAME = MovieAPI;
				SWIFT_VERSION = 5.0;
				TARGETED_DEVICE_FAMILY = "1,2";
			};
			name = Release;
		};
/* End XCBuildConfiguration section */

/* Begin XCConfigurationList section */
		150433E52380F63C00C24E10 /* Build configuration list for PBXProject "MovieAPI" */ = {
			isa = XCConfigurationList;
			buildConfigurations = (
				150433FC2380F64700C24E10 /* Debug */,
				150433FD2380F64700C24E10 /* Release */,
			);
			defaultConfigurationIsVisible = 0;
			defaultConfigurationName = Release;
		};
		150433FE2380F64700C24E10 /* Build configuration list for PBXNativeTarget "MovieAPI" */ = {
			isa = XCConfigurationList;
			buildConfigurations = (
				150433FF2380F64700C24E10 /* Debug */,
				150434002380F64700C24E10 /* Release */,
			);
			defaultConfigurationIsVisible = 0;
			defaultConfigurationName = Release;
		};
/* End XCConfigurationList section */
	};
	rootObject = 150433E22380F63B00C24E10 /* Project object */;
}
